
Microsoft Visual Studio Solution File, Format Version 12.00
# Visual Studio Version 17
VisualStudioVersion = 17.7.34009.444
MinimumVisualStudioVersion = 10.0.40219.1
Project("{FAE04EC0-301F-11D3-BF4B-00C04F79EFBC}") = "SearchingButton", "SearchingButton\SearchingButton.csproj", "{42D9BAC7-E15F-4BB6-A77F-023664505940}"
EndProject
Global
	GlobalSection(SolutionConfigurationPlatforms) = preSolution
		Debug|Any CPU = Debug|Any CPU
		Release|Any CPU = Release|Any CPU
	EndGlobalSection
	GlobalSection(ProjectConfigurationPlatforms) = postSolution
		{42D9BAC7-E15F-4BB6-A77F-023664505940}.Debug|Any CPU.ActiveCfg = Debug|Any CPU
		{42D9BAC7-E15F-4BB6-A77F-023664505940}.Debug|Any CPU.Build.0 = Debug|Any CPU
		{42D9BAC7-E15F-4BB6-A77F-023664505940}.Release|Any CPU.ActiveCfg = Release|Any CPU
		{42D9BAC7-E15F-4BB6-A77F-023664505940}.Release|Any CPU.Build.0 = Release|Any CPU
	EndGlobalSection
	GlobalSection(SolutionProperties) = preSolution
		HideSolutionNode = FALSE
	EndGlobalSection
	GlobalSection(ExtensibilityGlobals) = postSolution
		SolutionGuid = {133CABF5-4532-44A1-99CF-4D79A63A7461}
	EndGlobalSection
EndGlobal
